
Microsoft Visual Studio Solution File, Format Version 12.00
# Visual Studio Version 16
VisualStudioVersion = 16.0.31729.503
MinimumVisualStudioVersion = 10.0.40219.1
Project("{9A19103F-16F7-4668-BE54-9A1E7A4F7556}") = "EisenhowerMain", "EisenhowerMain.csproj", "{33959F2C-ACFB-430C-8619-B1078C2AC63C}"
EndProject
Project("{9A19103F-16F7-4668-BE54-9A1E7A4F7556}") = "EisenhowerMain.Tests", "..\EisenhowerMain.Tests\EisenhowerMain.Tests.csproj", "{0EEAB91A-D07C-4AA2-8A94-3B271B0BF9F0}"
EndProject
Global
	GlobalSection(SolutionConfigurationPlatforms) = preSolution
		Debug|Any CPU = Debug|Any CPU
		Release|Any CPU = Release|Any CPU
	EndGlobalSection
	GlobalSection(ProjectConfigurationPlatforms) = postSolution
		{33959F2C-ACFB-430C-8619-B1078C2AC63C}.Debug|Any CPU.ActiveCfg = Debug|Any CPU
		{33959F2C-ACFB-430C-8619-B1078C2AC63C}.Debug|Any CPU.Build.0 = Debug|Any CPU
		{33959F2C-ACFB-430C-8619-B1078C2AC63C}.Release|Any CPU.ActiveCfg = Release|Any CPU
		{33959F2C-ACFB-430C-8619-B1078C2AC63C}.Release|Any CPU.Build.0 = Release|Any CPU
		{0EEAB91A-D07C-4AA2-8A94-3B271B0BF9F0}.Debug|Any CPU.ActiveCfg = Debug|Any CPU
		{0EEAB91A-D07C-4AA2-8A94-3B271B0BF9F0}.Debug|Any CPU.Build.0 = Debug|Any CPU
		{0EEAB91A-D07C-4AA2-8A94-3B271B0BF9F0}.Release|Any CPU.ActiveCfg = Release|Any CPU
		{0EEAB91A-D07C-4AA2-8A94-3B271B0BF9F0}.Release|Any CPU.Build.0 = Release|Any CPU
	EndGlobalSection
	GlobalSection(SolutionProperties) = preSolution
		HideSolutionNode = FALSE
	EndGlobalSection
	GlobalSection(ExtensibilityGlobals) = postSolution
		SolutionGuid = {34E0CAF0-43D3-491A-A6CA-32EC88992573}
	EndGlobalSection
EndGlobal
